{
  "nodes": {
    "nixCats": {
      "locked": {
        "lastModified": 1759730664,
        "narHash": "sha256-boRlBQ/c4CaHsK/z04QL6+t81mcar37Io94HBX2GflY=",
        "owner": "BirdeeHub",
        "repo": "nixCats-nvim",
        "rev": "77dffad8235eb77684fcb7599487c8e9f23d5b8f",
        "type": "github"
      },
      "original": {
        "owner": "BirdeeHub",
        "repo": "nixCats-nvim",
        "type": "github"
      }
    },
    "nixpkgs": {
      "locked": {
        "lastModified": 1760596604,
        "narHash": "sha256-J/i5K6AAz/y5dBePHQOuzC7MbhyTOKsd/GLezSbEFiM=",
        "owner": "nixos",
        "repo": "nixpkgs",
        "rev": "3cbe716e2346710d6e1f7c559363d14e11c32a43",
        "type": "github"
      },
      "original": {
        "owner": "nixos",
        "ref": "nixpkgs-unstable",
        "repo": "nixpkgs",
        "type": "github"
      }
    },
    "plugins-black-metal": {
      "flake": false,
      "locked": {
        "lastModified": 1755520422,
        "narHash": "sha256-sRbXxekmQuL412AJKrSkI1EdcuYQkKm1qfcIyMNhLBA=",
        "owner": "metalelf0",
        "repo": "black-metal-theme-neovim",
        "rev": "6d0207871387077f40d5396ab1ae90520e688d36",
        "type": "github"
      },
      "original": {
        "owner": "metalelf0",
        "repo": "black-metal-theme-neovim",
        "type": "github"
      }
    },
    "plugins-hlargs": {
      "flake": false,
      "locked": {
        "lastModified": 1758619418,
        "narHash": "sha256-WjmVefR0qk2ANWgyHSuYMTuCfzlVTF7tqzAL+uatKkc=",
        "owner": "m-demare",
        "repo": "hlargs.nvim",
        "rev": "0b29317c944fb1f76503ce4540d6dceffbb5ccd2",
        "type": "github"
      },
      "original": {
        "owner": "m-demare",
        "repo": "hlargs.nvim",
        "type": "github"
      }
    },
    "plugins-org-bullets": {
      "flake": false,
      "locked": {
        "lastModified": 1737617809,
        "narHash": "sha256-/l8IfvVSPK7pt3Or39+uenryTM5aBvyJZX5trKNh0X0=",
        "owner": "nvim-orgmode",
        "repo": "org-bullets.nvim",
        "rev": "21437cfa99c70f2c18977bffd423f912a7b832ea",
        "type": "github"
      },
      "original": {
        "owner": "nvim-orgmode",
        "repo": "org-bullets.nvim",
        "type": "github"
      }
    },
    "plugins-org-modern": {
      "flake": false,
      "locked": {
        "lastModified": 1683841146,
        "narHash": "sha256-TYs3g5CZDVXCFXuYaj3IriJ4qlIOxQgArVOzT7pqkqs=",
        "owner": "danilshvalov",
        "repo": "org-modern.nvim",
        "rev": "c024900b7ee78a0274036025569b47001ef3e6aa",
        "type": "github"
      },
      "original": {
        "owner": "danilshvalov",
        "repo": "org-modern.nvim",
        "type": "github"
      }
    },
    "root": {
      "inputs": {
        "nixCats": "nixCats",
        "nixpkgs": "nixpkgs",
        "plugins-black-metal": "plugins-black-metal",
        "plugins-hlargs": "plugins-hlargs",
        "plugins-org-bullets": "plugins-org-bullets",
        "plugins-org-modern": "plugins-org-modern"
      }
    }
  },
  "root": "root",
  "version": 7
}
