{
  "nodes": {
    "nixCats": {
      "locked": {
        "lastModified": 1777273601,
        "narHash": "sha256-xBUa8Tl9V7IXI+VmLEuDc81La/EhoSn1C3EVSnJ3cfU=",
        "owner": "BirdeeHub",
        "repo": "nixCats-nvim",
        "rev": "f69ea013e328841a7def7037ed59788a76be8816",
        "type": "github"
      },
      "original": {
        "owner": "BirdeeHub",
        "repo": "nixCats-nvim",
        "type": "github"
      }
    },
    "nixpkgs": {
      "locked": {
        "lastModified": 1785301185,
        "narHash": "sha256-eoS3KQTO0aPWXZvIaRbRAzSSHW3l5wdMFXtT1ISfoKA=",
        "owner": "nixos",
        "repo": "nixpkgs",
        "rev": "9bc02893134c733dd85de46ee4fb2fac696b5529",
        "type": "github"
      },
      "original": {
        "owner": "nixos",
        "ref": "nixpkgs-unstable",
        "repo": "nixpkgs",
        "type": "github"
      }
    },
    "plugins-org-bullets": {
      "flake": false,
      "locked": {
        "lastModified": 1774343634,
        "narHash": "sha256-Tgeqr/Zd1hJXXaln4XWGS5aZqypnpfNxgO/+pQVk7jg=",
        "owner": "nvim-orgmode",
        "repo": "org-bullets.nvim",
        "rev": "503fe053550879cc202086a40454e46a87c41ddb",
        "type": "github"
      },
      "original": {
        "owner": "nvim-orgmode",
        "repo": "org-bullets.nvim",
        "type": "github"
      }
    },
    "plugins-org-modern": {
      "flake": false,
      "locked": {
        "lastModified": 1683841146,
        "narHash": "sha256-TYs3g5CZDVXCFXuYaj3IriJ4qlIOxQgArVOzT7pqkqs=",
        "owner": "danilshvalov",
        "repo": "org-modern.nvim",
        "rev": "c024900b7ee78a0274036025569b47001ef3e6aa",
        "type": "github"
      },
      "original": {
        "owner": "danilshvalov",
        "repo": "org-modern.nvim",
        "type": "github"
      }
    },
    "root": {
      "inputs": {
        "nixCats": "nixCats",
        "nixpkgs": "nixpkgs",
        "plugins-org-bullets": "plugins-org-bullets",
        "plugins-org-modern": "plugins-org-modern"
      }
    }
  },
  "root": "root",
  "version": 7
}
